Microsoft Visual Studio Solution File, Format Version 12.00
# Visual Studio Version 17
VisualStudioVersion = 17.0.31903.59
MinimumVisualStudioVersion = 10.0.40219.1
Project("{9A19103F-16F7-4668-BE54-9A1E7A4F7556}") = "Company.Todo.Api", "Company.Todo.Api\Company.Todo.Api.csproj", "{2E5E7A80-6C4B-4C5B-B3A2-6C6B2C1DB0E6}"
EndProject
Global
	GlobalSection(SolutionConfigurationPlatforms) = preSolution
		Debug|Any CPU = Debug|Any CPU
		Release|Any CPU = Release|Any CPU
	EndGlobalSection
	GlobalSection(ProjectConfigurationPlatforms) = postSolution
		{2E5E7A80-6C4B-4C5B-B3A2-6C6B2C1DB0E6}.Debug|Any CPU.ActiveCfg = Debug|Any CPU
		{2E5E7A80-6C4B-4C5B-B3A2-6C6B2C1DB0E6}.Debug|Any CPU.Build.0 = Debug|Any CPU
		{2E5E7A80-6C4B-4C5B-B3A2-6C6B2C1DB0E6}.Release|Any CPU.ActiveCfg = Release|Any CPU
		{2E5E7A80-6C4B-4C5B-B3A2-6C6B2C1DB0E6}.Release|Any CPU.Build.0 = Release|Any CPU
	EndGlobalSection
	GlobalSection(SolutionProperties) = preSolution
		HideSolutionNode = FALSE
	EndGlobalSection
	GlobalSection(ExtensibilityGlobals) = postSolution
		SolutionGuid = {8C1D6379-C587-42B8-B1B5-4EB040CBC8F2}
	EndGlobalSection
EndGlobal
